
Microsoft Visual Studio Solution File, Format Version 12.00
# Visual Studio Version 16
VisualStudioVersion = 16.0.31229.75
MinimumVisualStudioVersion = 10.0.40219.1
Project("{FAE04EC0-301F-11D3-BF4B-00C04F79EFBC}") = "CustomerService", "CustomerService\CustomerService.csproj", "{A49016AB-0157-48EE-B5AC-07C2418D16F4}"
EndProject
Project("{FAE04EC0-301F-11D3-BF4B-00C04F79EFBC}") = "TestCustomer", "TestCustomer\TestCustomer.csproj", "{656EDB8A-2911-407B-B76B-729EA6CE7BB8}"
EndProject
Global
	GlobalSection(SolutionConfigurationPlatforms) = preSolution
		Debug|Any CPU = Debug|Any CPU
		Release|Any CPU = Release|Any CPU
	EndGlobalSection
	GlobalSection(ProjectConfigurationPlatforms) = postSolution
		{A49016AB-0157-48EE-B5AC-07C2418D16F4}.Debug|Any CPU.ActiveCfg = Debug|Any CPU
		{A49016AB-0157-48EE-B5AC-07C2418D16F4}.Debug|Any CPU.Build.0 = Debug|Any CPU
		{A49016AB-0157-48EE-B5AC-07C2418D16F4}.Release|Any CPU.ActiveCfg = Release|Any CPU
		{A49016AB-0157-48EE-B5AC-07C2418D16F4}.Release|Any CPU.Build.0 = Release|Any CPU
		{656EDB8A-2911-407B-B76B-729EA6CE7BB8}.Debug|Any CPU.ActiveCfg = Debug|Any CPU
		{656EDB8A-2911-407B-B76B-729EA6CE7BB8}.Debug|Any CPU.Build.0 = Debug|Any CPU
		{656EDB8A-2911-407B-B76B-729EA6CE7BB8}.Release|Any CPU.ActiveCfg = Release|Any CPU
		{656EDB8A-2911-407B-B76B-729EA6CE7BB8}.Release|Any CPU.Build.0 = Release|Any CPU
	EndGlobalSection
	GlobalSection(SolutionProperties) = preSolution
		HideSolutionNode = FALSE
	EndGlobalSection
	GlobalSection(ExtensibilityGlobals) = postSolution
		SolutionGuid = {B0046949-C381-458B-B50C-A5D1BB519991}
	EndGlobalSection
EndGlobal
